// !$*UTF8*$!
{
	archiveVersion = 1;
	classes = {
	};
	objectVersion = 56;
	objects = {

/* Begin PBXBuildFile section */
		2315AF5A2BF6590300093BE9 /* ImageCollectionViewCell.swift in Sources */ = {isa = PBXBuildFile; fileRef = 2315AF592BF6590300093BE9 /* ImageCollectionViewCell.swift */; };
		2315AF5C2BF6591A00093BE9 /* ImageCollectionViewCell.xib in Resources */ = {isa = PBXBuildFile; fileRef = 2315AF5B2BF6591A00093BE9 /* ImageCollectionViewCell.xib */; };
		2315AF5E2BF65C5100093BE9 /* Extensions.swift in Sources */ = {isa = PBXBuildFile; fileRef = 2315AF5D2BF65C5100093BE9 /* Extensions.swift */; };
		2315AF612BF6646200093BE9 /* ImageTableViewCell.swift in Sources */ = {isa = PBXBuildFile; fileRef = 2315AF602BF6646200093BE9 /* ImageTableViewCell.swift */; };
		2315AF632BF6647800093BE9 /* ImageTableViewCell.xib in Resources */ = {isa = PBXBuildFile; fileRef = 2315AF622BF6647800093BE9 /* ImageTableViewCell.xib */; };
		23ED01812BF5206000A41E48 /* AppDelegate.swift in Sources */ = {isa = PBXBuildFile; fileRef = 23ED01802BF5206000A41E48 /* AppDelegate.swift */; };
		23ED01832BF5206000A41E48 /* SceneDelegate.swift in Sources */ = {isa = PBXBuildFile; fileRef = 23ED01822BF5206000A41E48 /* SceneDelegate.swift */; };
		23ED01852BF5206000A41E48 /* ViewController.swift in Sources */ = {isa = PBXBuildFile; fileRef = 23ED01842BF5206000A41E48 /* ViewController.swift */; };
		23ED01882BF5206000A41E48 /* Main.storyboard in Resources */ = {isa = PBXBuildFile; fileRef = 23ED01862BF5206000A41E48 /* Main.storyboard */; };
		23ED018A2BF5206200A41E48 /* Assets.xcassets in Resources */ = {isa = PBXBuildFile; fileRef = 23ED01892BF5206200A41E48 /* Assets.xcassets */; };
		23ED018D2BF5206200A41E48 /* LaunchScreen.storyboard in Resources */ = {isa = PBXBuildFile; fileRef = 23ED018B2BF5206200A41E48 /* LaunchScreen.storyboard */; };
		23ED01982BF52A3A00A41E48 /* LiveFeedViewController.swift in Sources */ = {isa = PBXBuildFile; fileRef = 23ED01972BF52A3A00A41E48 /* LiveFeedViewController.swift */; };
		23ED019A2BF52A6600A41E48 /* LiveFeedViewController.xib in Resources */ = {isa = PBXBuildFile; fileRef = 23ED01992BF52A6600A41E48 /* LiveFeedViewController.xib */; };
		23ED019C2BF52AE600A41E48 /* ResultsViewController.swift in Sources */ = {isa = PBXBuildFile; fileRef = 23ED019B2BF52AE600A41E48 /* ResultsViewController.swift */; };
		23ED019E2BF52AFB00A41E48 /* ResultsViewController.xib in Resources */ = {isa = PBXBuildFile; fileRef = 23ED019D2BF52AFB00A41E48 /* ResultsViewController.xib */; };
		23ED01A02BF52C5A00A41E48 /* GalleryViewController.xib in Resources */ = {isa = PBXBuildFile; fileRef = 23ED019F2BF52C5900A41E48 /* GalleryViewController.xib */; };
		23ED01A22BF52C6500A41E48 /* GalleryViewController.swift in Sources */ = {isa = PBXBuildFile; fileRef = 23ED01A12BF52C6500A41E48 /* GalleryViewController.swift */; };
		23ED01A42BF53D4E00A41E48 /* ResultsViewModel.swift in Sources */ = {isa = PBXBuildFile; fileRef = 23ED01A32BF53D4E00A41E48 /* ResultsViewModel.swift */; };
		23ED01A62BF53FCC00A41E48 /* GalleryViewModel.swift in Sources */ = {isa = PBXBuildFile; fileRef = 23ED01A52BF53FCC00A41E48 /* GalleryViewModel.swift */; };
		23ED01A82BF6557200A41E48 /* LiveFeedViewModel.swift in Sources */ = {isa = PBXBuildFile; fileRef = 23ED01A72BF6557200A41E48 /* LiveFeedViewModel.swift */; };
/* End PBXBuildFile section */

/* Begin PBXFileReference section */
		2315AF592BF6590300093BE9 /* ImageCollectionViewCell.swift */ = {isa = PBXFileReference; lastKnownFileType = sourcecode.swift; path = ImageCollectionViewCell.swift; sourceTree = "<group>"; };
		2315AF5B2BF6591A00093BE9 /* ImageCollectionViewCell.xib */ = {isa = PBXFileReference; lastKnownFileType = file.xib; path = ImageCollectionViewCell.xib; sourceTree = "<group>"; };
		2315AF5D2BF65C5100093BE9 /* Extensions.swift */ = {isa = PBXFileReference; lastKnownFileType = sourcecode.swift; path = Extensions.swift; sourceTree = "<group>"; };
		2315AF602BF6646200093BE9 /* ImageTableViewCell.swift */ = {isa = PBXFileReference; lastKnownFileType = sourcecode.swift; path = ImageTableViewCell.swift; sourceTree = "<group>"; };
		2315AF622BF6647800093BE9 /* ImageTableViewCell.xib */ = {isa = PBXFileReference; lastKnownFileType = file.xib; path = ImageTableViewCell.xib; sourceTree = "<group>"; };
		23ED017D2BF5206000A41E48 /* JiviAssignment.app */ = {isa = PBXFileReference; explicitFileType = wrapper.application; includeInIndex = 0; path = JiviAssignment.app; sourceTree = BUILT_PRODUCTS_DIR; };
		23ED01802BF5206000A41E48 /* AppDelegate.swift */ = {isa = PBXFileReference; lastKnownFileType = sourcecode.swift; path = AppDelegate.swift; sourceTree = "<group>"; };
		23ED01822BF5206000A41E48 /* SceneDelegate.swift */ = {isa = PBXFileReference; lastKnownFileType = sourcecode.swift; path = SceneDelegate.swift; sourceTree = "<group>"; };
		23ED01842BF5206000A41E48 /* ViewController.swift */ = {isa = PBXFileReference; lastKnownFileType = sourcecode.swift; path = ViewController.swift; sourceTree = "<group>"; };
		23ED01872BF5206000A41E48 /* Base */ = {isa = PBXFileReference; lastKnownFileType = file.storyboard; name = Base; path = Base.lproj/Main.storyboard; sourceTree = "<group>"; };
		23ED01892BF5206200A41E48 /* Assets.xcassets */ = {isa = PBXFileReference; lastKnownFileType = folder.assetcatalog; path = Assets.xcassets; sourceTree = "<group>"; };
		23ED018C2BF5206200A41E48 /* Base */ = {isa = PBXFileReference; lastKnownFileType = file.storyboard; name = Base; path = Base.lproj/LaunchScreen.storyboard; sourceTree = "<group>"; };
		23ED018E2BF5206200A41E48 /* Info.plist */ = {isa = PBXFileReference; lastKnownFileType = text.plist.xml; path = Info.plist; sourceTree = "<group>"; };
		23ED01972BF52A3A00A41E48 /* LiveFeedViewController.swift */ = {isa = PBXFileReference; lastKnownFileType = sourcecode.swift; path = LiveFeedViewController.swift; sourceTree = "<group>"; };
		23ED01992BF52A6600A41E48 /* LiveFeedViewController.xib */ = {isa = PBXFileReference; lastKnownFileType = file.xib; path = LiveFeedViewController.xib; sourceTree = "<group>"; };
		23ED019B2BF52AE600A41E48 /* ResultsViewController.swift */ = {isa = PBXFileReference; lastKnownFileType = sourcecode.swift; path = ResultsViewController.swift; sourceTree = "<group>"; };
		23ED019D2BF52AFB00A41E48 /* ResultsViewController.xib */ = {isa = PBXFileReference; lastKnownFileType = file.xib; path = ResultsViewController.xib; sourceTree = "<group>"; };
		23ED019F2BF52C5900A41E48 /* GalleryViewController.xib */ = {isa = PBXFileReference; lastKnownFileType = file.xib; path = GalleryViewController.xib; sourceTree = "<group>"; };
		23ED01A12BF52C6500A41E48 /* GalleryViewController.swift */ = {isa = PBXFileReference; lastKnownFileType = sourcecode.swift; path = GalleryViewController.swift; sourceTree = "<group>"; };
		23ED01A32BF53D4E00A41E48 /* ResultsViewModel.swift */ = {isa = PBXFileReference; lastKnownFileType = sourcecode.swift; path = ResultsViewModel.swift; sourceTree = "<group>"; };
		23ED01A52BF53FCC00A41E48 /* GalleryViewModel.swift */ = {isa = PBXFileReference; lastKnownFileType = sourcecode.swift; path = GalleryViewModel.swift; sourceTree = "<group>"; };
		23ED01A72BF6557200A41E48 /* LiveFeedViewModel.swift */ = {isa = PBXFileReference; lastKnownFileType = sourcecode.swift; path = LiveFeedViewModel.swift; sourceTree = "<group>"; };
/* End PBXFileReference section */

/* Begin PBXFrameworksBuildPhase section */
		23ED017A2BF5206000A41E48 /* Frameworks */ = {
			isa = PBXFrameworksBuildPhase;
			buildActionMask = 2147483647;
			files = (
			);
			runOnlyForDeploymentPostprocessing = 0;
		};
/* End PBXFrameworksBuildPhase section */

/* Begin PBXGroup section */
		2315AF582BF658E300093BE9 /* CollectionViewCell */ = {
			isa = PBXGroup;
			children = (
				2315AF592BF6590300093BE9 /* ImageCollectionViewCell.swift */,
				2315AF5B2BF6591A00093BE9 /* ImageCollectionViewCell.xib */,
			);
			path = CollectionViewCell;
			sourceTree = "<group>";
		};
		2315AF5F2BF663EF00093BE9 /* TableViewCells */ = {
			isa = PBXGroup;
			children = (
				2315AF602BF6646200093BE9 /* ImageTableViewCell.swift */,
				2315AF622BF6647800093BE9 /* ImageTableViewCell.xib */,
			);
			path = TableViewCells;
			sourceTree = "<group>";
		};
		23ED01742BF5206000A41E48 = {
			isa = PBXGroup;
			children = (
				23ED017F2BF5206000A41E48 /* JiviAssignment */,
				23ED017E2BF5206000A41E48 /* Products */,
			);
			sourceTree = "<group>";
		};
		23ED017E2BF5206000A41E48 /* Products */ = {
			isa = PBXGroup;
			children = (
				23ED017D2BF5206000A41E48 /* JiviAssignment.app */,
			);
			name = Products;
			sourceTree = "<group>";
		};
		23ED017F2BF5206000A41E48 /* JiviAssignment */ = {
			isa = PBXGroup;
			children = (
				23ED01962BF529BF00A41E48 /* Gallery */,
				23ED01952BF529B800A41E48 /* Results */,
				23ED01942BF5298B00A41E48 /* LiveFeed */,
				23ED01802BF5206000A41E48 /* AppDelegate.swift */,
				23ED01822BF5206000A41E48 /* SceneDelegate.swift */,
				23ED01842BF5206000A41E48 /* ViewController.swift */,
				23ED01862BF5206000A41E48 /* Main.storyboard */,
				23ED01892BF5206200A41E48 /* Assets.xcassets */,
				23ED018B2BF5206200A41E48 /* LaunchScreen.storyboard */,
				23ED018E2BF5206200A41E48 /* Info.plist */,
				2315AF5D2BF65C5100093BE9 /* Extensions.swift */,
			);
			path = JiviAssignment;
			sourceTree = "<group>";
		};
		23ED01942BF5298B00A41E48 /* LiveFeed */ = {
			isa = PBXGroup;
			children = (
				2315AF582BF658E300093BE9 /* CollectionViewCell */,
				23ED01972BF52A3A00A41E48 /* LiveFeedViewController.swift */,
				23ED01992BF52A6600A41E48 /* LiveFeedViewController.xib */,
				23ED01A72BF6557200A41E48 /* LiveFeedViewModel.swift */,
			);
			path = LiveFeed;
			sourceTree = "<group>";
		};
		23ED01952BF529B800A41E48 /* Results */ = {
			isa = PBXGroup;
			children = (
				2315AF5F2BF663EF00093BE9 /* TableViewCells */,
				23ED019B2BF52AE600A41E48 /* ResultsViewController.swift */,
				23ED019D2BF52AFB00A41E48 /* ResultsViewController.xib */,
				23ED01A32BF53D4E00A41E48 /* ResultsViewModel.swift */,
			);
			path = Results;
			sourceTree = "<group>";
		};
		23ED01962BF529BF00A41E48 /* Gallery */ = {
			isa = PBXGroup;
			children = (
				23ED019F2BF52C5900A41E48 /* GalleryViewController.xib */,
				23ED01A12BF52C6500A41E48 /* GalleryViewController.swift */,
				23ED01A52BF53FCC00A41E48 /* GalleryViewModel.swift */,
			);
			path = Gallery;
			sourceTree = "<group>";
		};
/* End PBXGroup section */

/* Begin PBXNativeTarget section */
		23ED017C2BF5206000A41E48 /* JiviAssignment */ = {
			isa = PBXNativeTarget;
			buildConfigurationList = 23ED01912BF5206200A41E48 /* Build configuration list for PBXNativeTarget "JiviAssignment" */;
			buildPhases = (
				23ED01792BF5206000A41E48 /* Sources */,
				23ED017A2BF5206000A41E48 /* Frameworks */,
				23ED017B2BF5206000A41E48 /* Resources */,
			);
			buildRules = (
			);
			dependencies = (
			);
			name = JiviAssignment;
			productName = JiviAssignment;
			productReference = 23ED017D2BF5206000A41E48 /* JiviAssignment.app */;
			productType = "com.apple.product-type.application";
		};
/* End PBXNativeTarget section */

/* Begin PBXProject section */
		23ED01752BF5206000A41E48 /* Project object */ = {
			isa = PBXProject;
			attributes = {
				BuildIndependentTargetsInParallel = 1;
				LastSwiftUpdateCheck = 1520;
				LastUpgradeCheck = 1520;
				TargetAttributes = {
					23ED017C2BF5206000A41E48 = {
						CreatedOnToolsVersion = 15.2;
					};
				};
			};
			buildConfigurationList = 23ED01782BF5206000A41E48 /* Build configuration list for PBXProject "JiviAssignment" */;
			compatibilityVersion = "Xcode 14.0";
			developmentRegion = en;
			hasScannedForEncodings = 0;
			knownRegions = (
				en,
				Base,
			);
			mainGroup = 23ED01742BF5206000A41E48;
			productRefGroup = 23ED017E2BF5206000A41E48 /* Products */;
			projectDirPath = "";
			projectRoot = "";
			targets = (
				23ED017C2BF5206000A41E48 /* JiviAssignment */,
			);
		};
/* End PBXProject section */

/* Begin PBXResourcesBuildPhase section */
		23ED017B2BF5206000A41E48 /* Resources */ = {
			isa = PBXResourcesBuildPhase;
			buildActionMask = 2147483647;
			files = (
				23ED018D2BF5206200A41E48 /* LaunchScreen.storyboard in Resources */,
				23ED01A02BF52C5A00A41E48 /* GalleryViewController.xib in Resources */,
				23ED018A2BF5206200A41E48 /* Assets.xcassets in Resources */,
				2315AF5C2BF6591A00093BE9 /* ImageCollectionViewCell.xib in Resources */,
				23ED019E2BF52AFB00A41E48 /* ResultsViewController.xib in Resources */,
				2315AF632BF6647800093BE9 /* ImageTableViewCell.xib in Resources */,
				23ED019A2BF52A6600A41E48 /* LiveFeedViewController.xib in Resources */,
				23ED01882BF5206000A41E48 /* Main.storyboard in Resources */,
			);
			runOnlyForDeploymentPostprocessing = 0;
		};
/* End PBXResourcesBuildPhase section */

/* Begin PBXSourcesBuildPhase section */
		23ED01792BF5206000A41E48 /* Sources */ = {
			isa = PBXSourcesBuildPhase;
			buildActionMask = 2147483647;
			files = (
				23ED01852BF5206000A41E48 /* ViewController.swift in Sources */,
				23ED01A42BF53D4E00A41E48 /* ResultsViewModel.swift in Sources */,
				23ED01A82BF6557200A41E48 /* LiveFeedViewModel.swift in Sources */,
				23ED01812BF5206000A41E48 /* AppDelegate.swift in Sources */,
				23ED01982BF52A3A00A41E48 /* LiveFeedViewController.swift in Sources */,
				23ED01A22BF52C6500A41E48 /* GalleryViewController.swift in Sources */,
				2315AF5A2BF6590300093BE9 /* ImageCollectionViewCell.swift in Sources */,
				23ED01A62BF53FCC00A41E48 /* GalleryViewModel.swift in Sources */,
				23ED019C2BF52AE600A41E48 /* ResultsViewController.swift in Sources */,
				2315AF612BF6646200093BE9 /* ImageTableViewCell.swift in Sources */,
				2315AF5E2BF65C5100093BE9 /* Extensions.swift in Sources */,
				23ED01832BF5206000A41E48 /* SceneDelegate.swift in Sources */,
			);
			runOnlyForDeploymentPostprocessing = 0;
		};
/* End PBXSourcesBuildPhase section */

/* Begin PBXVariantGroup section */
		23ED01862BF5206000A41E48 /* Main.storyboard */ = {
			isa = PBXVariantGroup;
			children = (
				23ED01872BF5206000A41E48 /* Base */,
			);
			name = Main.storyboard;
			sourceTree = "<group>";
		};
		23ED018B2BF5206200A41E48 /* LaunchScreen.storyboard */ = {
			isa = PBXVariantGroup;
			children = (
				23ED018C2BF5206200A41E48 /* Base */,
			);
			name = LaunchScreen.storyboard;
			sourceTree = "<group>";
		};
/* End PBXVariantGroup section */

/* Begin XCBuildConfiguration section */
		23ED018F2BF5206200A41E48 /* Debug */ = {
			isa = XCBuildConfiguration;
			buildSettings = {
				ALWAYS_SEARCH_USER_PATHS = NO;
				ASSETCATALOG_COMPILER_GENERATE_SWIFT_ASSET_SYMBOL_EXTENSIONS = YES;
				CLANG_ANALYZER_NONNULL = YES;
				CLANG_ANALYZER_NUMBER_OBJECT_CONVERSION = YES_AGGRESSIVE;
				CLANG_CXX_LANGUAGE_STANDARD = "gnu++20";
				CLANG_ENABLE_MODULES = YES;
				CLANG_ENABLE_OBJC_ARC = YES;
				CLANG_ENABLE_OBJC_WEAK = YES;
				CLANG_WARN_BLOCK_CAPTURE_AUTORELEASING = YES;
				CLANG_WARN_BOOL_CONVERSION = YES;
				CLANG_WARN_COMMA = YES;
				CLANG_WARN_CONSTANT_CONVERSION = YES;
				CLANG_WARN_DEPRECATED_OBJC_IMPLEMENTATIONS = YES;
				CLANG_WARN_DIRECT_OBJC_ISA_USAGE = YES_ERROR;
				CLANG_WARN_DOCUMENTATION_COMMENTS = YES;
				CLANG_WARN_EMPTY_BODY = YES;
				CLANG_WARN_ENUM_CONVERSION = YES;
				CLANG_WARN_INFINITE_RECURSION = YES;
				CLANG_WARN_INT_CONVERSION = YES;
				CLANG_WARN_NON_LITERAL_NULL_CONVERSION = YES;
				CLANG_WARN_OBJC_IMPLICIT_RETAIN_SELF = YES;
				CLANG_WARN_OBJC_LITERAL_CONVERSION = YES;
				CLANG_WARN_OBJC_ROOT_CLASS = YES_ERROR;
				CLANG_WARN_QUOTED_INCLUDE_IN_FRAMEWORK_HEADER = YES;
				CLANG_WARN_RANGE_LOOP_ANALYSIS = YES;
				CLANG_WARN_STRICT_PROTOTYPES = YES;
				CLANG_WARN_SUSPICIOUS_MOVE = YES;
				CLANG_WARN_UNGUARDED_AVAILABILITY = YES_AGGRESSIVE;
				CLANG_WARN_UNREACHABLE_CODE = YES;
				CLANG_WARN__DUPLICATE_METHOD_MATCH = YES;
				COPY_PHASE_STRIP = NO;
				DEBUG_INFORMATION_FORMAT = dwarf;
				ENABLE_STRICT_OBJC_MSGSEND = YES;
				ENABLE_TESTABILITY = YES;
				ENABLE_USER_SCRIPT_SANDBOXING = YES;
				GCC_C_LANGUAGE_STANDARD = gnu17;
				GCC_DYNAMIC_NO_PIC = NO;
				GCC_NO_COMMON_BLOCKS = YES;
				GCC_OPTIMIZATION_LEVEL = 0;
				GCC_PREPROCESSOR_DEFINITIONS = (
					"DEBUG=1",
					"$(inherited)",
				);
				GCC_WARN_64_TO_32_BIT_CONVERSION = YES;
				GCC_WARN_ABOUT_RETURN_TYPE = YES_ERROR;
				GCC_WARN_UNDECLARED_SELECTOR = YES;
				GCC_WARN_UNINITIALIZED_AUTOS = YES_AGGRESSIVE;
				GCC_WARN_UNUSED_FUNCTION = YES;
				GCC_WARN_UNUSED_VARIABLE = YES;
				IPHONEOS_DEPLOYMENT_TARGET = 17.2;
				LOCALIZATION_PREFERS_STRING_CATALOGS = YES;
				MTL_ENABLE_DEBUG_INFO = INCLUDE_SOURCE;
				MTL_FAST_MATH = YES;
				ONLY_ACTIVE_ARCH = YES;
				SDKROOT = iphoneos;
				SWIFT_ACTIVE_COMPILATION_CONDITIONS = "DEBUG $(inherited)";
				SWIFT_OPTIMIZATION_LEVEL = "-Onone";
			};
			name = Debug;
		};
		23ED01902BF5206200A41E48 /* Release */ = {
			isa = XCBuildConfiguration;
			buildSettings = {
				ALWAYS_SEARCH_USER_PATHS = NO;
				ASSETCATALOG_COMPILER_GENERATE_SWIFT_ASSET_SYMBOL_EXTENSIONS = YES;
				CLANG_ANALYZER_NONNULL = YES;
				CLANG_ANALYZER_NUMBER_OBJECT_CONVERSION = YES_AGGRESSIVE;
				CLANG_CXX_LANGUAGE_STANDARD = "gnu++20";
				CLANG_ENABLE_MODULES = YES;
				CLANG_ENABLE_OBJC_ARC = YES;
				CLANG_ENABLE_OBJC_WEAK = YES;
				CLANG_WARN_BLOCK_CAPTURE_AUTORELEASING = YES;
				CLANG_WARN_BOOL_CONVERSION = YES;
				CLANG_WARN_COMMA = YES;
				CLANG_WARN_CONSTANT_CONVERSION = YES;
				CLANG_WARN_DEPRECATED_OBJC_IMPLEMENTATIONS = YES;
				CLANG_WARN_DIRECT_OBJC_ISA_USAGE = YES_ERROR;
				CLANG_WARN_DOCUMENTATION_COMMENTS = YES;
				CLANG_WARN_EMPTY_BODY = YES;
				CLANG_WARN_ENUM_CONVERSION = YES;
				CLANG_WARN_INFINITE_RECURSION = YES;
				CLANG_WARN_INT_CONVERSION = YES;
				CLANG_WARN_NON_LITERAL_NULL_CONVERSION = YES;
				CLANG_WARN_OBJC_IMPLICIT_RETAIN_SELF = YES;
				CLANG_WARN_OBJC_LITERAL_CONVERSION = YES;
				CLANG_WARN_OBJC_ROOT_CLASS = YES_ERROR;
				CLANG_WARN_QUOTED_INCLUDE_IN_FRAMEWORK_HEADER = YES;
				CLANG_WARN_RANGE_LOOP_ANALYSIS = YES;
				CLANG_WARN_STRICT_PROTOTYPES = YES;
				CLANG_WARN_SUSPICIOUS_MOVE = YES;
				CLANG_WARN_UNGUARDED_AVAILABILITY = YES_AGGRESSIVE;
				CLANG_WARN_UNREACHABLE_CODE = YES;
				CLANG_WARN__DUPLICATE_METHOD_MATCH = YES;
				COPY_PHASE_STRIP = NO;
				DEBUG_INFORMATION_FORMAT = "dwarf-with-dsym";
				ENABLE_NS_ASSERTIONS = NO;
				ENABLE_STRICT_OBJC_MSGSEND = YES;
				ENABLE_USER_SCRIPT_SANDBOXING = YES;
				GCC_C_LANGUAGE_STANDARD = gnu17;
				GCC_NO_COMMON_BLOCKS = YES;
				GCC_WARN_64_TO_32_BIT_CONVERSION = YES;
				GCC_WARN_ABOUT_RETURN_TYPE = YES_ERROR;
				GCC_WARN_UNDECLARED_SELECTOR = YES;
				GCC_WARN_UNINITIALIZED_AUTOS = YES_AGGRESSIVE;
				GCC_WARN_UNUSED_FUNCTION = YES;
				GCC_WARN_UNUSED_VARIABLE = YES;
				IPHONEOS_DEPLOYMENT_TARGET = 17.2;
				LOCALIZATION_PREFERS_STRING_CATALOGS = YES;
				MTL_ENABLE_DEBUG_INFO = NO;
				MTL_FAST_MATH = YES;
				SDKROOT = iphoneos;
				SWIFT_COMPILATION_MODE = wholemodule;
				VALIDATE_PRODUCT = YES;
			};
			name = Release;
		};
		23ED01922BF5206200A41E48 /* Debug */ = {
			isa = XCBuildConfiguration;
			buildSettings = {
				ASSETCATALOG_COMPILER_APPICON_NAME = AppIcon;
				ASSETCATALOG_COMPILER_GLOBAL_ACCENT_COLOR_NAME = AccentColor;
				CODE_SIGN_STYLE = Automatic;
				CURRENT_PROJECT_VERSION = 1;
				DEVELOPMENT_TEAM = 6Z5ABRGYU5;
				GENERATE_INFOPLIST_FILE = YES;
				INFOPLIST_FILE = JiviAssignment/Info.plist;
				INFOPLIST_KEY_UIApplicationSupportsIndirectInputEvents = YES;
				INFOPLIST_KEY_UILaunchStoryboardName = LaunchScreen;
				INFOPLIST_KEY_UIMainStoryboardFile = Main;
				INFOPLIST_KEY_UISupportedInterfaceOrientations_iPad = "UIInterfaceOrientationPortrait UIInterfaceOrientationPortraitUpsideDown UIInterfaceOrientationLandscapeLeft UIInterfaceOrientationLandscapeRight";
				INFOPLIST_KEY_UISupportedInterfaceOrientations_iPhone = "UIInterfaceOrientationPortrait UIInterfaceOrientationLandscapeLeft UIInterfaceOrientationLandscapeRight";
				LD_RUNPATH_SEARCH_PATHS = (
					"$(inherited)",
					"@executable_path/Frameworks",
				);
				MARKETING_VERSION = 1.0;
				PRODUCT_BUNDLE_IDENTIFIER = jaiswal.JiviAssignment;
				PRODUCT_NAME = "$(TARGET_NAME)";
				SWIFT_EMIT_LOC_STRINGS = YES;
				SWIFT_VERSION = 5.0;
				TARGETED_DEVICE_FAMILY = "1,2";
			};
			name = Debug;
		};
		23ED01932BF5206200A41E48 /* Release */ = {
			isa = XCBuildConfiguration;
			buildSettings = {
				ASSETCATALOG_COMPILER_APPICON_NAME = AppIcon;
				ASSETCATALOG_COMPILER_GLOBAL_ACCENT_COLOR_NAME = AccentColor;
				CODE_SIGN_STYLE = Automatic;
				CURRENT_PROJECT_VERSION = 1;
				DEVELOPMENT_TEAM = 6Z5ABRGYU5;
				GENERATE_INFOPLIST_FILE = YES;
				INFOPLIST_FILE = JiviAssignment/Info.plist;
				INFOPLIST_KEY_UIApplicationSupportsIndirectInputEvents = YES;
				INFOPLIST_KEY_UILaunchStoryboardName = LaunchScreen;
				INFOPLIST_KEY_UIMainStoryboardFile = Main;
				INFOPLIST_KEY_UISupportedInterfaceOrientations_iPad = "UIInterfaceOrientationPortrait UIInterfaceOrientationPortraitUpsideDown UIInterfaceOrientationLandscapeLeft UIInterfaceOrientationLandscapeRight";
				INFOPLIST_KEY_UISupportedInterfaceOrientations_iPhone = "UIInterfaceOrientationPortrait UIInterfaceOrientationLandscapeLeft UIInterfaceOrientationLandscapeRight";
				LD_RUNPATH_SEARCH_PATHS = (
					"$(inherited)",
					"@executable_path/Frameworks",
				);
				MARKETING_VERSION = 1.0;
				PRODUCT_BUNDLE_IDENTIFIER = jaiswal.JiviAssignment;
				PRODUCT_NAME = "$(TARGET_NAME)";
				SWIFT_EMIT_LOC_STRINGS = YES;
				SWIFT_VERSION = 5.0;
				TARGETED_DEVICE_FAMILY = "1,2";
			};
			name = Release;
		};
/* End XCBuildConfiguration section */

/* Begin XCConfigurationList section */
		23ED01782BF5206000A41E48 /* Build configuration list for PBXProject "JiviAssignment" */ = {
			isa = XCConfigurationList;
			buildConfigurations = (
				23ED018F2BF5206200A41E48 /* Debug */,
				23ED01902BF5206200A41E48 /* Release */,
			);
			defaultConfigurationIsVisible = 0;
			defaultConfigurationName = Release;
		};
		23ED01912BF5206200A41E48 /* Build configuration list for PBXNativeTarget "JiviAssignment" */ = {
			isa = XCConfigurationList;
			buildConfigurations = (
				23ED01922BF5206200A41E48 /* Debug */,
				23ED01932BF5206200A41E48 /* Release */,
			);
			defaultConfigurationIsVisible = 0;
			defaultConfigurationName = Release;
		};
/* End XCConfigurationList section */
	};
	rootObject = 23ED01752BF5206000A41E48 /* Project object */;
}
